
Microsoft Visual Studio Solution File, Format Version 12.00
# Visual Studio Version 16
VisualStudioVersion = 16.6.30114.105
MinimumVisualStudioVersion = 10.0.40219.1
Project("{2150E333-8FDC-42A3-9474-1A3956D46DE8}") = "src", "src", "{BE312EEE-B87D-4909-9308-F669C50990B5}"
EndProject
Project("{FAE04EC0-301F-11D3-BF4B-00C04F79EFBC}") = "Application", "src\Application\Application.csproj", "{61316D76-8F2C-49F4-9F4E-F4F2F76CBB08}"
EndProject
Project("{FAE04EC0-301F-11D3-BF4B-00C04F79EFBC}") = "Contracts", "src\Contracts\Contracts.csproj", "{7EBC322A-1311-4E56-9D16-868B1B8F4065}"
EndProject
Project("{FAE04EC0-301F-11D3-BF4B-00C04F79EFBC}") = "Domain", "src\Domain\Domain.csproj", "{AC5126D7-273C-4838-AC16-671DB6F568BC}"
EndProject
Project("{FAE04EC0-301F-11D3-BF4B-00C04F79EFBC}") = "Infrastructure", "src\Infrastructure\Infrastructure.csproj", "{AF9B5162-744E-4E06-A77B-B45D244420A8}"
EndProject
Project("{FAE04EC0-301F-11D3-BF4B-00C04F79EFBC}") = "PathfindingAPI", "src\PathfindingAPI\PathfindingAPI.csproj", "{F5FDE48B-CAA9-48C5-9878-2A9F780C3E40}"
EndProject
Project("{2150E333-8FDC-42A3-9474-1A3956D46DE8}") = "tests", "tests", "{19581957-4432-4FDB-89E8-9FAB790810BC}"
EndProject
Project("{FAE04EC0-301F-11D3-BF4B-00C04F79EFBC}") = "Domain.UnitTests", "tests\Domain.UnitTests\Domain.UnitTests.csproj", "{B095E254-0CD8-44C2-B845-178EB605A1E1}"
EndProject
Global
	GlobalSection(SolutionConfigurationPlatforms) = preSolution
		Debug|Any CPU = Debug|Any CPU
		Debug|x64 = Debug|x64
		Debug|x86 = Debug|x86
		Release|Any CPU = Release|Any CPU
		Release|x64 = Release|x64
		Release|x86 = Release|x86
	EndGlobalSection
	GlobalSection(SolutionProperties) = preSolution
		HideSolutionNode = FALSE
	EndGlobalSection
	GlobalSection(ProjectConfigurationPlatforms) = postSolution
		{61316D76-8F2C-49F4-9F4E-F4F2F76CBB08}.Debug|Any CPU.ActiveCfg = Debug|Any CPU
		{61316D76-8F2C-49F4-9F4E-F4F2F76CBB08}.Debug|Any CPU.Build.0 = Debug|Any CPU
		{61316D76-8F2C-49F4-9F4E-F4F2F76CBB08}.Debug|x64.ActiveCfg = Debug|Any CPU
		{61316D76-8F2C-49F4-9F4E-F4F2F76CBB08}.Debug|x64.Build.0 = Debug|Any CPU
		{61316D76-8F2C-49F4-9F4E-F4F2F76CBB08}.Debug|x86.ActiveCfg = Debug|Any CPU
		{61316D76-8F2C-49F4-9F4E-F4F2F76CBB08}.Debug|x86.Build.0 = Debug|Any CPU
		{61316D76-8F2C-49F4-9F4E-F4F2F76CBB08}.Release|Any CPU.ActiveCfg = Release|Any CPU
		{61316D76-8F2C-49F4-9F4E-F4F2F76CBB08}.Release|Any CPU.Build.0 = Release|Any CPU
		{61316D76-8F2C-49F4-9F4E-F4F2F76CBB08}.Release|x64.ActiveCfg = Release|Any CPU
		{61316D76-8F2C-49F4-9F4E-F4F2F76CBB08}.Release|x64.Build.0 = Release|Any CPU
		{61316D76-8F2C-49F4-9F4E-F4F2F76CBB08}.Release|x86.ActiveCfg = Release|Any CPU
		{61316D76-8F2C-49F4-9F4E-F4F2F76CBB08}.Release|x86.Build.0 = Release|Any CPU
		{7EBC322A-1311-4E56-9D16-868B1B8F4065}.Debug|Any CPU.ActiveCfg = Debug|Any CPU
		{7EBC322A-1311-4E56-9D16-868B1B8F4065}.Debug|Any CPU.Build.0 = Debug|Any CPU
		{7EBC322A-1311-4E56-9D16-868B1B8F4065}.Debug|x64.ActiveCfg = Debug|Any CPU
		{7EBC322A-1311-4E56-9D16-868B1B8F4065}.Debug|x64.Build.0 = Debug|Any CPU
		{7EBC322A-1311-4E56-9D16-868B1B8F4065}.Debug|x86.ActiveCfg = Debug|Any CPU
		{7EBC322A-1311-4E56-9D16-868B1B8F4065}.Debug|x86.Build.0 = Debug|Any CPU
		{7EBC322A-1311-4E56-9D16-868B1B8F4065}.Release|Any CPU.ActiveCfg = Release|Any CPU
		{7EBC322A-1311-4E56-9D16-868B1B8F4065}.Release|Any CPU.Build.0 = Release|Any CPU
		{7EBC322A-1311-4E56-9D16-868B1B8F4065}.Release|x64.ActiveCfg = Release|Any CPU
		{7EBC322A-1311-4E56-9D16-868B1B8F4065}.Release|x64.Build.0 = Release|Any CPU
		{7EBC322A-1311-4E56-9D16-868B1B8F4065}.Release|x86.ActiveCfg = Release|Any CPU
		{7EBC322A-1311-4E56-9D16-868B1B8F4065}.Release|x86.Build.0 = Release|Any CPU
		{AC5126D7-273C-4838-AC16-671DB6F568BC}.Debug|Any CPU.ActiveCfg = Debug|Any CPU
		{AC5126D7-273C-4838-AC16-671DB6F568BC}.Debug|Any CPU.Build.0 = Debug|Any CPU
		{AC5126D7-273C-4838-AC16-671DB6F568BC}.Debug|x64.ActiveCfg = Debug|Any CPU
		{AC5126D7-273C-4838-AC16-671DB6F568BC}.Debug|x64.Build.0 = Debug|Any CPU
		{AC5126D7-273C-4838-AC16-671DB6F568BC}.Debug|x86.ActiveCfg = Debug|Any CPU
		{AC5126D7-273C-4838-AC16-671DB6F568BC}.Debug|x86.Build.0 = Debug|Any CPU
		{AC5126D7-273C-4838-AC16-671DB6F568BC}.Release|Any CPU.ActiveCfg = Release|Any CPU
		{AC5126D7-273C-4838-AC16-671DB6F568BC}.Release|Any CPU.Build.0 = Release|Any CPU
		{AC5126D7-273C-4838-AC16-671DB6F568BC}.Release|x64.ActiveCfg = Release|Any CPU
		{AC5126D7-273C-4838-AC16-671DB6F568BC}.Release|x64.Build.0 = Release|Any CPU
		{AC5126D7-273C-4838-AC16-671DB6F568BC}.Release|x86.ActiveCfg = Release|Any CPU
		{AC5126D7-273C-4838-AC16-671DB6F568BC}.Release|x86.Build.0 = Release|Any CPU
		{AF9B5162-744E-4E06-A77B-B45D244420A8}.Debug|Any CPU.ActiveCfg = Debug|Any CPU
		{AF9B5162-744E-4E06-A77B-B45D244420A8}.Debug|Any CPU.Build.0 = Debug|Any CPU
		{AF9B5162-744E-4E06-A77B-B45D244420A8}.Debug|x64.ActiveCfg = Debug|Any CPU
		{AF9B5162-744E-4E06-A77B-B45D244420A8}.Debug|x64.Build.0 = Debug|Any CPU
		{AF9B5162-744E-4E06-A77B-B45D244420A8}.Debug|x86.ActiveCfg = Debug|Any CPU
		{AF9B5162-744E-4E06-A77B-B45D244420A8}.Debug|x86.Build.0 = Debug|Any CPU
		{AF9B5162-744E-4E06-A77B-B45D244420A8}.Release|Any CPU.ActiveCfg = Release|Any CPU
		{AF9B5162-744E-4E06-A77B-B45D244420A8}.Release|Any CPU.Build.0 = Release|Any CPU
		{AF9B5162-744E-4E06-A77B-B45D244420A8}.Release|x64.ActiveCfg = Release|Any CPU
		{AF9B5162-744E-4E06-A77B-B45D244420A8}.Release|x64.Build.0 = Release|Any CPU
		{AF9B5162-744E-4E06-A77B-B45D244420A8}.Release|x86.ActiveCfg = Release|Any CPU
		{AF9B5162-744E-4E06-A77B-B45D244420A8}.Release|x86.Build.0 = Release|Any CPU
		{F5FDE48B-CAA9-48C5-9878-2A9F780C3E40}.Debug|Any CPU.ActiveCfg = Debug|Any CPU
		{F5FDE48B-CAA9-48C5-9878-2A9F780C3E40}.Debug|Any CPU.Build.0 = Debug|Any CPU
		{F5FDE48B-CAA9-48C5-9878-2A9F780C3E40}.Debug|x64.ActiveCfg = Debug|Any CPU
		{F5FDE48B-CAA9-48C5-9878-2A9F780C3E40}.Debug|x64.Build.0 = Debug|Any CPU
		{F5FDE48B-CAA9-48C5-9878-2A9F780C3E40}.Debug|x86.ActiveCfg = Debug|Any CPU
		{F5FDE48B-CAA9-48C5-9878-2A9F780C3E40}.Debug|x86.Build.0 = Debug|Any CPU
		{F5FDE48B-CAA9-48C5-9878-2A9F780C3E40}.Release|Any CPU.ActiveCfg = Release|Any CPU
		{F5FDE48B-CAA9-48C5-9878-2A9F780C3E40}.Release|Any CPU.Build.0 = Release|Any CPU
		{F5FDE48B-CAA9-48C5-9878-2A9F780C3E40}.Release|x64.ActiveCfg = Release|Any CPU
		{F5FDE48B-CAA9-48C5-9878-2A9F780C3E40}.Release|x64.Build.0 = Release|Any CPU
		{F5FDE48B-CAA9-48C5-9878-2A9F780C3E40}.Release|x86.ActiveCfg = Release|Any CPU
		{F5FDE48B-CAA9-48C5-9878-2A9F780C3E40}.Release|x86.Build.0 = Release|Any CPU
		{B095E254-0CD8-44C2-B845-178EB605A1E1}.Debug|Any CPU.ActiveCfg = Debug|Any CPU
		{B095E254-0CD8-44C2-B845-178EB605A1E1}.Debug|Any CPU.Build.0 = Debug|Any CPU
		{B095E254-0CD8-44C2-B845-178EB605A1E1}.Debug|x64.ActiveCfg = Debug|Any CPU
		{B095E254-0CD8-44C2-B845-178EB605A1E1}.Debug|x64.Build.0 = Debug|Any CPU
		{B095E254-0CD8-44C2-B845-178EB605A1E1}.Debug|x86.ActiveCfg = Debug|Any CPU
		{B095E254-0CD8-44C2-B845-178EB605A1E1}.Debug|x86.Build.0 = Debug|Any CPU
		{B095E254-0CD8-44C2-B845-178EB605A1E1}.Release|Any CPU.ActiveCfg = Release|Any CPU
		{B095E254-0CD8-44C2-B845-178EB605A1E1}.Release|Any CPU.Build.0 = Release|Any CPU
		{B095E254-0CD8-44C2-B845-178EB605A1E1}.Release|x64.ActiveCfg = Release|Any CPU
		{B095E254-0CD8-44C2-B845-178EB605A1E1}.Release|x64.Build.0 = Release|Any CPU
		{B095E254-0CD8-44C2-B845-178EB605A1E1}.Release|x86.ActiveCfg = Release|Any CPU
		{B095E254-0CD8-44C2-B845-178EB605A1E1}.Release|x86.Build.0 = Release|Any CPU
	EndGlobalSection
	GlobalSection(NestedProjects) = preSolution
		{61316D76-8F2C-49F4-9F4E-F4F2F76CBB08} = {BE312EEE-B87D-4909-9308-F669C50990B5}
		{7EBC322A-1311-4E56-9D16-868B1B8F4065} = {BE312EEE-B87D-4909-9308-F669C50990B5}
		{AC5126D7-273C-4838-AC16-671DB6F568BC} = {BE312EEE-B87D-4909-9308-F669C50990B5}
		{AF9B5162-744E-4E06-A77B-B45D244420A8} = {BE312EEE-B87D-4909-9308-F669C50990B5}
		{F5FDE48B-CAA9-48C5-9878-2A9F780C3E40} = {BE312EEE-B87D-4909-9308-F669C50990B5}
		{B095E254-0CD8-44C2-B845-178EB605A1E1} = {19581957-4432-4FDB-89E8-9FAB790810BC}
	EndGlobalSection
EndGlobal
