
Microsoft Visual Studio Solution File, Format Version 12.00
# Visual Studio 15
VisualStudioVersion = 15.0.26124.0
MinimumVisualStudioVersion = 15.0.26124.0
Project("{FAE04EC0-301F-11D3-BF4B-00C04F79EFBC}") = "Pathfinding", "Pathfinding\Pathfinding.csproj", "{01D9C082-49F3-463B-A639-B4036266DB11}"
EndProject
Project("{FAE04EC0-301F-11D3-BF4B-00C04F79EFBC}") = "Pathfinding.Shared", "Pathfinding.Shared\Pathfinding.Shared.csproj", "{DBFDDCB1-0906-4009-81FB-95A218EA0B15}"
EndProject
Project("{FAE04EC0-301F-11D3-BF4B-00C04F79EFBC}") = "Pathfinding.Algorithm", "Pathfinding.Algorithm\Pathfinding.Algorithm.csproj", "{6A9BA2A0-523E-414E-A0D8-D5DAC593619F}"
EndProject
Project("{FAE04EC0-301F-11D3-BF4B-00C04F79EFBC}") = "Pathfinding.Test", "Pathfinding.Test\Pathfinding.Test.csproj", "{4D61AABF-9A87-4ACF-B510-206B339E7602}"
EndProject
Global
	GlobalSection(SolutionConfigurationPlatforms) = preSolution
		Debug|Any CPU = Debug|Any CPU
		Debug|x64 = Debug|x64
		Debug|x86 = Debug|x86
		Release|Any CPU = Release|Any CPU
		Release|x64 = Release|x64
		Release|x86 = Release|x86
	EndGlobalSection
	GlobalSection(SolutionProperties) = preSolution
		HideSolutionNode = FALSE
	EndGlobalSection
	GlobalSection(ProjectConfigurationPlatforms) = postSolution
		{01D9C082-49F3-463B-A639-B4036266DB11}.Debug|Any CPU.ActiveCfg = Debug|Any CPU
		{01D9C082-49F3-463B-A639-B4036266DB11}.Debug|Any CPU.Build.0 = Debug|Any CPU
		{01D9C082-49F3-463B-A639-B4036266DB11}.Debug|x64.ActiveCfg = Debug|Any CPU
		{01D9C082-49F3-463B-A639-B4036266DB11}.Debug|x64.Build.0 = Debug|Any CPU
		{01D9C082-49F3-463B-A639-B4036266DB11}.Debug|x86.ActiveCfg = Debug|Any CPU
		{01D9C082-49F3-463B-A639-B4036266DB11}.Debug|x86.Build.0 = Debug|Any CPU
		{01D9C082-49F3-463B-A639-B4036266DB11}.Release|Any CPU.ActiveCfg = Release|Any CPU
		{01D9C082-49F3-463B-A639-B4036266DB11}.Release|Any CPU.Build.0 = Release|Any CPU
		{01D9C082-49F3-463B-A639-B4036266DB11}.Release|x64.ActiveCfg = Release|Any CPU
		{01D9C082-49F3-463B-A639-B4036266DB11}.Release|x64.Build.0 = Release|Any CPU
		{01D9C082-49F3-463B-A639-B4036266DB11}.Release|x86.ActiveCfg = Release|Any CPU
		{01D9C082-49F3-463B-A639-B4036266DB11}.Release|x86.Build.0 = Release|Any CPU
		{DBFDDCB1-0906-4009-81FB-95A218EA0B15}.Debug|Any CPU.ActiveCfg = Debug|Any CPU
		{DBFDDCB1-0906-4009-81FB-95A218EA0B15}.Debug|Any CPU.Build.0 = Debug|Any CPU
		{DBFDDCB1-0906-4009-81FB-95A218EA0B15}.Debug|x64.ActiveCfg = Debug|Any CPU
		{DBFDDCB1-0906-4009-81FB-95A218EA0B15}.Debug|x64.Build.0 = Debug|Any CPU
		{DBFDDCB1-0906-4009-81FB-95A218EA0B15}.Debug|x86.ActiveCfg = Debug|Any CPU
		{DBFDDCB1-0906-4009-81FB-95A218EA0B15}.Debug|x86.Build.0 = Debug|Any CPU
		{DBFDDCB1-0906-4009-81FB-95A218EA0B15}.Release|Any CPU.ActiveCfg = Release|Any CPU
		{DBFDDCB1-0906-4009-81FB-95A218EA0B15}.Release|Any CPU.Build.0 = Release|Any CPU
		{DBFDDCB1-0906-4009-81FB-95A218EA0B15}.Release|x64.ActiveCfg = Release|Any CPU
		{DBFDDCB1-0906-4009-81FB-95A218EA0B15}.Release|x64.Build.0 = Release|Any CPU
		{DBFDDCB1-0906-4009-81FB-95A218EA0B15}.Release|x86.ActiveCfg = Release|Any CPU
		{DBFDDCB1-0906-4009-81FB-95A218EA0B15}.Release|x86.Build.0 = Release|Any CPU
		{6A9BA2A0-523E-414E-A0D8-D5DAC593619F}.Debug|Any CPU.ActiveCfg = Debug|Any CPU
		{6A9BA2A0-523E-414E-A0D8-D5DAC593619F}.Debug|Any CPU.Build.0 = Debug|Any CPU
		{6A9BA2A0-523E-414E-A0D8-D5DAC593619F}.Debug|x64.ActiveCfg = Debug|Any CPU
		{6A9BA2A0-523E-414E-A0D8-D5DAC593619F}.Debug|x64.Build.0 = Debug|Any CPU
		{6A9BA2A0-523E-414E-A0D8-D5DAC593619F}.Debug|x86.ActiveCfg = Debug|Any CPU
		{6A9BA2A0-523E-414E-A0D8-D5DAC593619F}.Debug|x86.Build.0 = Debug|Any CPU
		{6A9BA2A0-523E-414E-A0D8-D5DAC593619F}.Release|Any CPU.ActiveCfg = Release|Any CPU
		{6A9BA2A0-523E-414E-A0D8-D5DAC593619F}.Release|Any CPU.Build.0 = Release|Any CPU
		{6A9BA2A0-523E-414E-A0D8-D5DAC593619F}.Release|x64.ActiveCfg = Release|Any CPU
		{6A9BA2A0-523E-414E-A0D8-D5DAC593619F}.Release|x64.Build.0 = Release|Any CPU
		{6A9BA2A0-523E-414E-A0D8-D5DAC593619F}.Release|x86.ActiveCfg = Release|Any CPU
		{6A9BA2A0-523E-414E-A0D8-D5DAC593619F}.Release|x86.Build.0 = Release|Any CPU
		{4D61AABF-9A87-4ACF-B510-206B339E7602}.Debug|Any CPU.ActiveCfg = Debug|Any CPU
		{4D61AABF-9A87-4ACF-B510-206B339E7602}.Debug|Any CPU.Build.0 = Debug|Any CPU
		{4D61AABF-9A87-4ACF-B510-206B339E7602}.Debug|x64.ActiveCfg = Debug|Any CPU
		{4D61AABF-9A87-4ACF-B510-206B339E7602}.Debug|x64.Build.0 = Debug|Any CPU
		{4D61AABF-9A87-4ACF-B510-206B339E7602}.Debug|x86.ActiveCfg = Debug|Any CPU
		{4D61AABF-9A87-4ACF-B510-206B339E7602}.Debug|x86.Build.0 = Debug|Any CPU
		{4D61AABF-9A87-4ACF-B510-206B339E7602}.Release|Any CPU.ActiveCfg = Release|Any CPU
		{4D61AABF-9A87-4ACF-B510-206B339E7602}.Release|Any CPU.Build.0 = Release|Any CPU
		{4D61AABF-9A87-4ACF-B510-206B339E7602}.Release|x64.ActiveCfg = Release|Any CPU
		{4D61AABF-9A87-4ACF-B510-206B339E7602}.Release|x64.Build.0 = Release|Any CPU
		{4D61AABF-9A87-4ACF-B510-206B339E7602}.Release|x86.ActiveCfg = Release|Any CPU
		{4D61AABF-9A87-4ACF-B510-206B339E7602}.Release|x86.Build.0 = Release|Any CPU
	EndGlobalSection
EndGlobal
